# THIS IS AN AUTOGENERATED FILE. DO NOT EDIT THIS FILE DIRECTLY.
# yarn lockfile v1


aes256@^1.1.0:
  version "1.1.0"
  resolved "https://registry.yarnpkg.com/aes256/-/aes256-1.1.0.tgz#4666b229dc1fdaef0a5d0ac09a5a315d895f7450"
  integrity sha512-JfjTA5HEpvnn4lX9lsfgPMiV6HYqefRmvUj5MScIUeaRCbWEIT8URNpKA9ddY9iWl+Ye9oUHrdusO1cDmS/tEQ==
